
Microsoft Visual Studio Solution File, Format Version 12.00
# Visual Studio Version 17
VisualStudioVersion = 17.13.35931.197 d17.13
MinimumVisualStudioVersion = 10.0.40219.1
Project("{FAE04EC0-301F-11D3-BF4B-00C04F79EFBC}") = "Biblioteca.API", "Biblioteca.API\Biblioteca.API.csproj", "{1838CACB-0503-4393-B9C8-04E7DEE7DDCA}"
EndProject
Project("{FAE04EC0-301F-11D3-BF4B-00C04F79EFBC}") = "Biblioteca.Application", "Biblioteca.Application\Biblioteca.Application.csproj", "{1E8F0CF3-C778-4914-9906-7C99AFEFBFBD}"
EndProject
Project("{FAE04EC0-301F-11D3-BF4B-00C04F79EFBC}") = "Biblioteca.Domain", "Biblioteca.Domain\Biblioteca.Domain.csproj", "{CCC722B5-1B8B-460C-95C6-EB5C9C7374A1}"
EndProject
Project("{FAE04EC0-301F-11D3-BF4B-00C04F79EFBC}") = "Biblioteca.Infrastructure", "Biblioteca.Infrastructure\Biblioteca.Infrastructure.csproj", "{A8108ECF-04F7-4CA0-8D80-0917BCD62DC8}"
EndProject
Global
	GlobalSection(SolutionConfigurationPlatforms) = preSolution
		Debug|Any CPU = Debug|Any CPU
		Release|Any CPU = Release|Any CPU
	EndGlobalSection
	GlobalSection(ProjectConfigurationPlatforms) = postSolution
		{1838CACB-0503-4393-B9C8-04E7DEE7DDCA}.Debug|Any CPU.ActiveCfg = Debug|Any CPU
		{1838CACB-0503-4393-B9C8-04E7DEE7DDCA}.Debug|Any CPU.Build.0 = Debug|Any CPU
		{1838CACB-0503-4393-B9C8-04E7DEE7DDCA}.Release|Any CPU.ActiveCfg = Release|Any CPU
		{1838CACB-0503-4393-B9C8-04E7DEE7DDCA}.Release|Any CPU.Build.0 = Release|Any CPU
		{1E8F0CF3-C778-4914-9906-7C99AFEFBFBD}.Debug|Any CPU.ActiveCfg = Debug|Any CPU
		{1E8F0CF3-C778-4914-9906-7C99AFEFBFBD}.Debug|Any CPU.Build.0 = Debug|Any CPU
		{1E8F0CF3-C778-4914-9906-7C99AFEFBFBD}.Release|Any CPU.ActiveCfg = Release|Any CPU
		{1E8F0CF3-C778-4914-9906-7C99AFEFBFBD}.Release|Any CPU.Build.0 = Release|Any CPU
		{CCC722B5-1B8B-460C-95C6-EB5C9C7374A1}.Debug|Any CPU.ActiveCfg = Debug|Any CPU
		{CCC722B5-1B8B-460C-95C6-EB5C9C7374A1}.Debug|Any CPU.Build.0 = Debug|Any CPU
		{CCC722B5-1B8B-460C-95C6-EB5C9C7374A1}.Release|Any CPU.ActiveCfg = Release|Any CPU
		{CCC722B5-1B8B-460C-95C6-EB5C9C7374A1}.Release|Any CPU.Build.0 = Release|Any CPU
		{A8108ECF-04F7-4CA0-8D80-0917BCD62DC8}.Debug|Any CPU.ActiveCfg = Debug|Any CPU
		{A8108ECF-04F7-4CA0-8D80-0917BCD62DC8}.Debug|Any CPU.Build.0 = Debug|Any CPU
		{A8108ECF-04F7-4CA0-8D80-0917BCD62DC8}.Release|Any CPU.ActiveCfg = Release|Any CPU
		{A8108ECF-04F7-4CA0-8D80-0917BCD62DC8}.Release|Any CPU.Build.0 = Release|Any CPU
	EndGlobalSection
	GlobalSection(SolutionProperties) = preSolution
		HideSolutionNode = FALSE
	EndGlobalSection
	GlobalSection(ExtensibilityGlobals) = postSolution
		SolutionGuid = {F7DE80A4-A1D8-4A42-96DF-87C7092889DC}
	EndGlobalSection
EndGlobal
